
Microsoft Visual Studio Solution File, Format Version 12.00
# Visual Studio Version 17
VisualStudioVersion = 17.10.35027.167
MinimumVisualStudioVersion = 10.0.40219.1
Project("{FAE04EC0-301F-11D3-BF4B-00C04F79EFBC}") = "CalculadoraDeArea", "CalculadoraDeArea\CalculadoraDeArea.csproj", "{4731AC58-98F8-49C0-85F1-52077510AEE7}"
EndProject
Global
	GlobalSection(SolutionConfigurationPlatforms) = preSolution
		Debug|Any CPU = Debug|Any CPU
		Release|Any CPU = Release|Any CPU
	EndGlobalSection
	GlobalSection(ProjectConfigurationPlatforms) = postSolution
		{4731AC58-98F8-49C0-85F1-52077510AEE7}.Debug|Any CPU.ActiveCfg = Debug|Any CPU
		{4731AC58-98F8-49C0-85F1-52077510AEE7}.Debug|Any CPU.Build.0 = Debug|Any CPU
		{4731AC58-98F8-49C0-85F1-52077510AEE7}.Release|Any CPU.ActiveCfg = Release|Any CPU
		{4731AC58-98F8-49C0-85F1-52077510AEE7}.Release|Any CPU.Build.0 = Release|Any CPU
	EndGlobalSection
	GlobalSection(SolutionProperties) = preSolution
		HideSolutionNode = FALSE
	EndGlobalSection
	GlobalSection(ExtensibilityGlobals) = postSolution
		SolutionGuid = {F66ADA8B-AE24-4517-9F11-7B81915C0B29}
	EndGlobalSection
EndGlobal
