
Microsoft Visual Studio Solution File, Format Version 12.00
# Visual Studio Version 17
VisualStudioVersion = 17.10.35013.160
MinimumVisualStudioVersion = 10.0.40219.1
Project("{FAE04EC0-301F-11D3-BF4B-00C04F79EFBC}") = "PolpaDAgua", "PolpaDAgua\PolpaDAgua.csproj", "{F2D5CD85-4DF0-4218-8E43-093C992A53D3}"
EndProject
Global
	GlobalSection(SolutionConfigurationPlatforms) = preSolution
		Debug|Any CPU = Debug|Any CPU
		Release|Any CPU = Release|Any CPU
	EndGlobalSection
	GlobalSection(ProjectConfigurationPlatforms) = postSolution
		{F2D5CD85-4DF0-4218-8E43-093C992A53D3}.Debug|Any CPU.ActiveCfg = Debug|Any CPU
		{F2D5CD85-4DF0-4218-8E43-093C992A53D3}.Debug|Any CPU.Build.0 = Debug|Any CPU
		{F2D5CD85-4DF0-4218-8E43-093C992A53D3}.Release|Any CPU.ActiveCfg = Release|Any CPU
		{F2D5CD85-4DF0-4218-8E43-093C992A53D3}.Release|Any CPU.Build.0 = Release|Any CPU
	EndGlobalSection
	GlobalSection(SolutionProperties) = preSolution
		HideSolutionNode = FALSE
	EndGlobalSection
	GlobalSection(ExtensibilityGlobals) = postSolution
		SolutionGuid = {A1638054-7740-40C3-9B8F-9884F4300B3C}
	EndGlobalSection
EndGlobal
