
Microsoft Visual Studio Solution File, Format Version 12.00
# Visual Studio Version 17
VisualStudioVersion = 17.10.35013.160
MinimumVisualStudioVersion = 10.0.40219.1
Project("{FAE04EC0-301F-11D3-BF4B-00C04F79EFBC}") = "WinFormsApp2", "WinFormsApp2\WinFormsApp2.csproj", "{FC2C2CCE-B979-4427-B90A-04626AE28572}"
EndProject
Global
	GlobalSection(SolutionConfigurationPlatforms) = preSolution
		Debug|Any CPU = Debug|Any CPU
		Release|Any CPU = Release|Any CPU
	EndGlobalSection
	GlobalSection(ProjectConfigurationPlatforms) = postSolution
		{FC2C2CCE-B979-4427-B90A-04626AE28572}.Debug|Any CPU.ActiveCfg = Debug|Any CPU
		{FC2C2CCE-B979-4427-B90A-04626AE28572}.Debug|Any CPU.Build.0 = Debug|Any CPU
		{FC2C2CCE-B979-4427-B90A-04626AE28572}.Release|Any CPU.ActiveCfg = Release|Any CPU
		{FC2C2CCE-B979-4427-B90A-04626AE28572}.Release|Any CPU.Build.0 = Release|Any CPU
	EndGlobalSection
	GlobalSection(SolutionProperties) = preSolution
		HideSolutionNode = FALSE
	EndGlobalSection
	GlobalSection(ExtensibilityGlobals) = postSolution
		SolutionGuid = {87F90BEC-2732-4F3B-B6FB-15977F278FA9}
	EndGlobalSection
EndGlobal
