
Microsoft Visual Studio Solution File, Format Version 12.00
# Visual Studio Version 17
VisualStudioVersion = 17.10.35013.160
MinimumVisualStudioVersion = 10.0.40219.1
Project("{FAE04EC0-301F-11D3-BF4B-00C04F79EFBC}") = "WinFormsApp2", "WinFormsApp2\WinFormsApp2.csproj", "{C17AD353-632E-436C-A98A-E2FE04D7B92C}"
EndProject
Global
	GlobalSection(SolutionConfigurationPlatforms) = preSolution
		Debug|Any CPU = Debug|Any CPU
		Release|Any CPU = Release|Any CPU
	EndGlobalSection
	GlobalSection(ProjectConfigurationPlatforms) = postSolution
		{C17AD353-632E-436C-A98A-E2FE04D7B92C}.Debug|Any CPU.ActiveCfg = Debug|Any CPU
		{C17AD353-632E-436C-A98A-E2FE04D7B92C}.Debug|Any CPU.Build.0 = Debug|Any CPU
		{C17AD353-632E-436C-A98A-E2FE04D7B92C}.Release|Any CPU.ActiveCfg = Release|Any CPU
		{C17AD353-632E-436C-A98A-E2FE04D7B92C}.Release|Any CPU.Build.0 = Release|Any CPU
	EndGlobalSection
	GlobalSection(SolutionProperties) = preSolution
		HideSolutionNode = FALSE
	EndGlobalSection
	GlobalSection(ExtensibilityGlobals) = postSolution
		SolutionGuid = {13A2301E-E4EA-43AC-AF58-9E5D9A37046E}
	EndGlobalSection
EndGlobal
